// !$*UTF8*$!
{
	archiveVersion = 1;
	classes = {
	};
	objectVersion = 46;
	objects = {

/* Begin PBXBuildFile section */
		3D1640500F3BCC6900CA65AD /* KeyCastrStatusItemActive.png in Resources */ = {isa = PBXBuildFile; fileRef = 3D16404E0F3BCC6900CA65AD /* KeyCastrStatusItemActive.png */; };
		3D1640510F3BCC6900CA65AD /* KeyCastrStatusItemInactive.png in Resources */ = {isa = PBXBuildFile; fileRef = 3D16404F0F3BCC6900CA65AD /* KeyCastrStatusItemInactive.png */; };
		3D1640600F3BCEC900CA65AD /* KeyCastrInactive.icns in Resources */ = {isa = PBXBuildFile; fileRef = 3D16405F0F3BCEC900CA65AD /* KeyCastrInactive.icns */; };
		3D1646690F43D76D00CA65AD /* KCDefaultVisualizer.kcplugin in CopyFiles */ = {isa = PBXBuildFile; fileRef = 3D16465A0F43D6E700CA65AD /* KCDefaultVisualizer.kcplugin */; settings = {ATTRIBUTES = (CodeSignOnCopy, ); }; };
		3D1646830F43D8BD00CA65AD /* KCDefaultVisualizer.m in Sources */ = {isa = PBXBuildFile; fileRef = 3D3F54E20F31E52E001C7272 /* KCDefaultVisualizer.m */; };
		3D1646840F43D8BE00CA65AD /* KCDefaultVisualizer.nib in Resources */ = {isa = PBXBuildFile; fileRef = 3D3F54E70F31E5C2001C7272 /* KCDefaultVisualizer.nib */; };
		3D1646C20F43DC4700CA65AD /* KCVisualizer.m in Sources */ = {isa = PBXBuildFile; fileRef = 3D3F54DE0F31448A001C7272 /* KCVisualizer.m */; };
		3D1646C30F43DC4700CA65AD /* KCVisualizer.h in Headers */ = {isa = PBXBuildFile; fileRef = 3D3F54DD0F31448A001C7272 /* KCVisualizer.h */; };
		3D1646C40F43DC4C00CA65AD /* KCKeystroke.m in Sources */ = {isa = PBXBuildFile; fileRef = 3DC314700F33EEF400B67D65 /* KCKeystroke.m */; };
		3D1646C50F43DC4C00CA65AD /* KCKeystroke.h in Headers */ = {isa = PBXBuildFile; fileRef = 3DC3146F0F33EEF400B67D65 /* KCKeystroke.h */; };
		3D1646C60F43DC5000CA65AD /* KCKeystrokeTransformer.h in Headers */ = {isa = PBXBuildFile; fileRef = 3D1645DD0F43CD0600CA65AD /* KCKeystrokeTransformer.h */; };
		3D1646C70F43DC5100CA65AD /* KCKeystrokeTransformer.m in Sources */ = {isa = PBXBuildFile; fileRef = 3D1645DE0F43CD0600CA65AD /* KCKeystrokeTransformer.m */; };
		3D1646CB0F43DC6D00CA65AD /* KCVisualizer.framework in Frameworks */ = {isa = PBXBuildFile; fileRef = 3D1646B60F43DBD700CA65AD /* KCVisualizer.framework */; };
		3D1646D10F43DCA700CA65AD /* KCVisualizer.framework in CopyFiles */ = {isa = PBXBuildFile; fileRef = 3D1646B60F43DBD700CA65AD /* KCVisualizer.framework */; settings = {ATTRIBUTES = (CodeSignOnCopy, ); }; };
		3D1646EB0F43DD3000CA65AD /* KCAppController.m in Sources */ = {isa = PBXBuildFile; fileRef = 3D3F52550F300389001C7272 /* KCAppController.m */; };
		3D1646ED0F43DD5E00CA65AD /* NSBezierPath+RoundedRect.m in Sources */ = {isa = PBXBuildFile; fileRef = 3D3F56C30F3374E9001C7272 /* NSBezierPath+RoundedRect.m */; };
		3D1646F40F43DD8300CA65AD /* KCVisualizer.framework in Frameworks */ = {isa = PBXBuildFile; fileRef = 3D1646B60F43DBD700CA65AD /* KCVisualizer.framework */; };
		3D1648B70F451D8000CA65AD /* KCVisualizer.framework in Frameworks */ = {isa = PBXBuildFile; fileRef = 3D1646B60F43DBD700CA65AD /* KCVisualizer.framework */; };
		3D1648B90F451DAA00CA65AD /* Svelte.nib in Resources */ = {isa = PBXBuildFile; fileRef = 3D1648B80F451DAA00CA65AD /* Svelte.nib */; };
		3D1648BC0F451DC300CA65AD /* SvelteVisualizer.m in Sources */ = {isa = PBXBuildFile; fileRef = 3D1648BB0F451DC300CA65AD /* SvelteVisualizer.m */; };
		3D1648C20F451EDB00CA65AD /* Svelte.kcplugin in CopyFiles */ = {isa = PBXBuildFile; fileRef = 3D1648AC0F451D4500CA65AD /* Svelte.kcplugin */; settings = {ATTRIBUTES = (CodeSignOnCopy, ); }; };
		3D3F52A70F30BF1E001C7272 /* KeyCastr.icns in Resources */ = {isa = PBXBuildFile; fileRef = 3D3F52A60F30BF1E001C7272 /* KeyCastr.icns */; };
		3D3F52BA0F30C68B001C7272 /* Quartz.framework in Frameworks */ = {isa = PBXBuildFile; fileRef = 3D3F52B90F30C68B001C7272 /* Quartz.framework */; };
		3D3F52EB0F30CB13001C7272 /* KCPrefsWindowController.m in Sources */ = {isa = PBXBuildFile; fileRef = 3D3F52EA0F30CB13001C7272 /* KCPrefsWindowController.m */; };
		3D3F540C0F30E8E7001C7272 /* KCKeyboardTap.m in Sources */ = {isa = PBXBuildFile; fileRef = 3D3F540B0F30E8E7001C7272 /* KCKeyboardTap.m */; };
		3D3F548A0F30F37E001C7272 /* GeneralIcon.tif in Resources */ = {isa = PBXBuildFile; fileRef = 3D3F54870F30F37E001C7272 /* GeneralIcon.tif */; };
		3D3F548B0F30F37E001C7272 /* DisplayIcon.tif in Resources */ = {isa = PBXBuildFile; fileRef = 3D3F54880F30F37E001C7272 /* DisplayIcon.tif */; };
		3D3F548E0F30F3C7001C7272 /* UpdateIcon.tif in Resources */ = {isa = PBXBuildFile; fileRef = 3D3F548D0F30F3C7001C7272 /* UpdateIcon.tif */; };
		3D3F56410F32D266001C7272 /* ShortcutRecorder.framework in Frameworks */ = {isa = PBXBuildFile; fileRef = 3D3F56400F32D266001C7272 /* ShortcutRecorder.framework */; };
		3D3F564E0F32D2EA001C7272 /* ShortcutRecorder.framework in CopyFiles */ = {isa = PBXBuildFile; fileRef = 3D3F56400F32D266001C7272 /* ShortcutRecorder.framework */; settings = {ATTRIBUTES = (CodeSignOnCopy, ); }; };
		3D3F56CB0F337533001C7272 /* NSUserDefaults+Utility.m in Sources */ = {isa = PBXBuildFile; fileRef = 3D3F56CA0F337533001C7272 /* NSUserDefaults+Utility.m */; };
		8D11072A0486CEB800E47090 /* MainMenu.nib in Resources */ = {isa = PBXBuildFile; fileRef = 29B97318FDCFA39411CA2CEA /* MainMenu.nib */; };
		8D11072B0486CEB800E47090 /* InfoPlist.strings in Resources */ = {isa = PBXBuildFile; fileRef = 089C165CFE840E0CC02AAC07 /* InfoPlist.strings */; };
		8D11072D0486CEB800E47090 /* main.m in Sources */ = {isa = PBXBuildFile; fileRef = 29B97316FDCFA39411CA2CEA /* main.m */; settings = {ATTRIBUTES = (); }; };
		8D11072F0486CEB800E47090 /* Cocoa.framework in Frameworks */ = {isa = PBXBuildFile; fileRef = 1058C7A1FEA54F0111CA2CBB /* Cocoa.framework */; };
		AE39388B1BB73B36005458A6 /* KeyCastrStatusItem.png in Resources */ = {isa = PBXBuildFile; fileRef = AE3938871BB73B36005458A6 /* KeyCastrStatusItem.png */; };
		AE39388C1BB73B36005458A6 /* KeyCastrStatusItem@2x.png in Resources */ = {isa = PBXBuildFile; fileRef = AE3938881BB73B36005458A6 /* KeyCastrStatusItem@2x.png */; };
		AE39388D1BB73B36005458A6 /* KeyCastrStatusItemActive@2x.png in Resources */ = {isa = PBXBuildFile; fileRef = AE3938891BB73B36005458A6 /* KeyCastrStatusItemActive@2x.png */; };
		AE39388E1BB73B36005458A6 /* KeyCastrStatusItemInactive@2x.png in Resources */ = {isa = PBXBuildFile; fileRef = AE39388A1BB73B36005458A6 /* KeyCastrStatusItemInactive@2x.png */; };
		AFB1F707235BCD500092F4A9 /* Sparkle.framework in Frameworks */ = {isa = PBXBuildFile; fileRef = AFB1F706235BCD500092F4A9 /* Sparkle.framework */; };
		AFB1F708235BCD630092F4A9 /* Sparkle.framework in CopyFiles */ = {isa = PBXBuildFile; fileRef = AFB1F706235BCD500092F4A9 /* Sparkle.framework */; settings = {ATTRIBUTES = (CodeSignOnCopy, RemoveHeadersOnCopy, ); }; };
		AFC1721C2377CFF500292155 /* KCVisualizerTests.m in Sources */ = {isa = PBXBuildFile; fileRef = AFC1721B2377CFF500292155 /* KCVisualizerTests.m */; };
		AFC1721E2377CFF500292155 /* KCVisualizer.framework in Frameworks */ = {isa = PBXBuildFile; fileRef = 3D1646B60F43DBD700CA65AD /* KCVisualizer.framework */; };
/* End PBXBuildFile section */

/* Begin PBXContainerItemProxy section */
		3D1646660F43D74700CA65AD /* PBXContainerItemProxy */ = {
			isa = PBXContainerItemProxy;
			containerPortal = 29B97313FDCFA39411CA2CEA /* Project object */;
			proxyType = 1;
			remoteGlobalIDString = 3D1646590F43D6E700CA65AD;
			remoteInfo = KCDefaultVisualizer;
		};
		3D1646D40F43DCB200CA65AD /* PBXContainerItemProxy */ = {
			isa = PBXContainerItemProxy;
			containerPortal = 29B97313FDCFA39411CA2CEA /* Project object */;
			proxyType = 1;
			remoteGlobalIDString = 3D1646B50F43DBD700CA65AD;
			remoteInfo = KCVisualizer;
		};
		3D1646D60F43DCB700CA65AD /* PBXContainerItemProxy */ = {
			isa = PBXContainerItemProxy;
			containerPortal = 29B97313FDCFA39411CA2CEA /* Project object */;
			proxyType = 1;
			remoteGlobalIDString = 3D1646B50F43DBD700CA65AD;
			remoteInfo = KCVisualizer;
		};
		3D1648B40F451D6F00CA65AD /* PBXContainerItemProxy */ = {
			isa = PBXContainerItemProxy;
			containerPortal = 29B97313FDCFA39411CA2CEA /* Project object */;
			proxyType = 1;
			remoteGlobalIDString = 3D1646B50F43DBD700CA65AD;
			remoteInfo = KCVisualizer;
		};
		3D1648C50F451EE400CA65AD /* PBXContainerItemProxy */ = {
			isa = PBXContainerItemProxy;
			containerPortal = 29B97313FDCFA39411CA2CEA /* Project object */;
			proxyType = 1;
			remoteGlobalIDString = 3D1648AB0F451D4500CA65AD;
			remoteInfo = Svelte;
		};
		AFC1721F2377CFF500292155 /* PBXContainerItemProxy */ = {
			isa = PBXContainerItemProxy;
			containerPortal = 29B97313FDCFA39411CA2CEA /* Project object */;
			proxyType = 1;
			remoteGlobalIDString = 3D1646B50F43DBD700CA65AD;
			remoteInfo = KCVisualizer;
		};
/* End PBXContainerItemProxy section */

/* Begin PBXCopyFilesBuildPhase section */
		3D1646710F43D79600CA65AD /* CopyFiles */ = {
			isa = PBXCopyFilesBuildPhase;
			buildActionMask = 2147483647;
			dstPath = "";
			dstSubfolderSpec = 13;
			files = (
				3D1648C20F451EDB00CA65AD /* Svelte.kcplugin in CopyFiles */,
				3D1646690F43D76D00CA65AD /* KCDefaultVisualizer.kcplugin in CopyFiles */,
			);
			runOnlyForDeploymentPostprocessing = 0;
		};
		3D3F56500F32D308001C7272 /* CopyFiles */ = {
			isa = PBXCopyFilesBuildPhase;
			buildActionMask = 2147483647;
			dstPath = "";
			dstSubfolderSpec = 10;
			files = (
				AFB1F708235BCD630092F4A9 /* Sparkle.framework in CopyFiles */,
				3D1646D10F43DCA700CA65AD /* KCVisualizer.framework in CopyFiles */,
				3D3F564E0F32D2EA001C7272 /* ShortcutRecorder.framework in CopyFiles */,
			);
			runOnlyForDeploymentPostprocessing = 0;
		};
/* End PBXCopyFilesBuildPhase section */

/* Begin PBXFileReference section */
		089C165DFE840E0CC02AAC07 /* English */ = {isa = PBXFileReference; fileEncoding = 2483028224; lastKnownFileType = text.plist.strings; name = English; path = English.lproj/InfoPlist.strings; sourceTree = "<group>"; };
		1058C7A1FEA54F0111CA2CBB /* Cocoa.framework */ = {isa = PBXFileReference; lastKnownFileType = wrapper.framework; name = Cocoa.framework; path = /System/Library/Frameworks/Cocoa.framework; sourceTree = "<absolute>"; };
		13E42FB307B3F0F600E4EEF1 /* CoreData.framework */ = {isa = PBXFileReference; lastKnownFileType = wrapper.framework; name = CoreData.framework; path = /System/Library/Frameworks/CoreData.framework; sourceTree = "<absolute>"; };
		29B97316FDCFA39411CA2CEA /* main.m */ = {isa = PBXFileReference; fileEncoding = 4; lastKnownFileType = sourcecode.c.objc; path = main.m; sourceTree = "<group>"; };
		29B97319FDCFA39411CA2CEA /* English */ = {isa = PBXFileReference; lastKnownFileType = wrapper.nib; name = English; path = English.lproj/MainMenu.nib; sourceTree = "<group>"; };
		29B97324FDCFA39411CA2CEA /* AppKit.framework */ = {isa = PBXFileReference; lastKnownFileType = wrapper.framework; name = AppKit.framework; path = /System/Library/Frameworks/AppKit.framework; sourceTree = "<absolute>"; };
		29B97325FDCFA39411CA2CEA /* Foundation.framework */ = {isa = PBXFileReference; lastKnownFileType = wrapper.framework; name = Foundation.framework; path = /System/Library/Frameworks/Foundation.framework; sourceTree = "<absolute>"; };
		32CA4F630368D1EE00C91783 /* KeyCastr_Prefix.pch */ = {isa = PBXFileReference; fileEncoding = 4; lastKnownFileType = sourcecode.c.h; path = KeyCastr_Prefix.pch; sourceTree = "<group>"; };
		3D16404E0F3BCC6900CA65AD /* KeyCastrStatusItemActive.png */ = {isa = PBXFileReference; lastKnownFileType = image.png; path = KeyCastrStatusItemActive.png; sourceTree = "<group>"; };
		3D16404F0F3BCC6900CA65AD /* KeyCastrStatusItemInactive.png */ = {isa = PBXFileReference; lastKnownFileType = image.png; path = KeyCastrStatusItemInactive.png; sourceTree = "<group>"; };
		3D16405F0F3BCEC900CA65AD /* KeyCastrInactive.icns */ = {isa = PBXFileReference; lastKnownFileType = image.icns; path = KeyCastrInactive.icns; sourceTree = "<group>"; };
		3D1645DD0F43CD0600CA65AD /* KCKeystrokeTransformer.h */ = {isa = PBXFileReference; fileEncoding = 4; lastKnownFileType = sourcecode.c.h; path = KCKeystrokeTransformer.h; sourceTree = "<group>"; };
		3D1645DE0F43CD0600CA65AD /* KCKeystrokeTransformer.m */ = {isa = PBXFileReference; fileEncoding = 4; lastKnownFileType = sourcecode.c.objc; path = KCKeystrokeTransformer.m; sourceTree = "<group>"; };
		3D16465A0F43D6E700CA65AD /* KCDefaultVisualizer.kcplugin */ = {isa = PBXFileReference; explicitFileType = wrapper.cfbundle; includeInIndex = 0; path = KCDefaultVisualizer.kcplugin; sourceTree = BUILT_PRODUCTS_DIR; };
		3D16465B0F43D6E700CA65AD /* KCDefaultVisualizer-Info.plist */ = {isa = PBXFileReference; lastKnownFileType = text.plist.xml; path = "KCDefaultVisualizer-Info.plist"; sourceTree = "<group>"; };
		3D1646B60F43DBD700CA65AD /* KCVisualizer.framework */ = {isa = PBXFileReference; explicitFileType = wrapper.framework; includeInIndex = 0; path = KCVisualizer.framework; sourceTree = BUILT_PRODUCTS_DIR; };
		3D1646B70F43DBD700CA65AD /* KCVisualizer-Info.plist */ = {isa = PBXFileReference; lastKnownFileType = text.plist.xml; path = "KCVisualizer-Info.plist"; sourceTree = "<group>"; };
		3D1648AC0F451D4500CA65AD /* Svelte.kcplugin */ = {isa = PBXFileReference; explicitFileType = wrapper.cfbundle; includeInIndex = 0; path = Svelte.kcplugin; sourceTree = BUILT_PRODUCTS_DIR; };
		3D1648AD0F451D4500CA65AD /* Svelte-Info.plist */ = {isa = PBXFileReference; lastKnownFileType = text.plist.xml; path = "Svelte-Info.plist"; sourceTree = "<group>"; };
		3D1648B80F451DAA00CA65AD /* Svelte.nib */ = {isa = PBXFileReference; lastKnownFileType = wrapper.nib; path = Svelte.nib; sourceTree = "<group>"; };
		3D1648BA0F451DC300CA65AD /* SvelteVisualizer.h */ = {isa = PBXFileReference; fileEncoding = 4; lastKnownFileType = sourcecode.c.h; path = SvelteVisualizer.h; sourceTree = "<group>"; };
		3D1648BB0F451DC300CA65AD /* SvelteVisualizer.m */ = {isa = PBXFileReference; fileEncoding = 4; lastKnownFileType = sourcecode.c.objc; path = SvelteVisualizer.m; sourceTree = "<group>"; };
		3D3F52540F300389001C7272 /* KCAppController.h */ = {isa = PBXFileReference; fileEncoding = 4; lastKnownFileType = sourcecode.c.h; path = KCAppController.h; sourceTree = "<group>"; };
		3D3F52550F300389001C7272 /* KCAppController.m */ = {isa = PBXFileReference; fileEncoding = 4; lastKnownFileType = sourcecode.c.objc; path = KCAppController.m; sourceTree = "<group>"; };
		3D3F52A60F30BF1E001C7272 /* KeyCastr.icns */ = {isa = PBXFileReference; lastKnownFileType = image.icns; path = KeyCastr.icns; sourceTree = "<group>"; };
		3D3F52B90F30C68B001C7272 /* Quartz.framework */ = {isa = PBXFileReference; lastKnownFileType = wrapper.framework; name = Quartz.framework; path = /System/Library/Frameworks/Quartz.framework; sourceTree = "<absolute>"; };
		3D3F52E90F30CB13001C7272 /* KCPrefsWindowController.h */ = {isa = PBXFileReference; fileEncoding = 4; lastKnownFileType = sourcecode.c.h; path = KCPrefsWindowController.h; sourceTree = "<group>"; };
		3D3F52EA0F30CB13001C7272 /* KCPrefsWindowController.m */ = {isa = PBXFileReference; fileEncoding = 4; lastKnownFileType = sourcecode.c.objc; path = KCPrefsWindowController.m; sourceTree = "<group>"; };
		3D3F540A0F30E8E7001C7272 /* KCKeyboardTap.h */ = {isa = PBXFileReference; fileEncoding = 4; lastKnownFileType = sourcecode.c.h; path = KCKeyboardTap.h; sourceTree = "<group>"; };
		3D3F540B0F30E8E7001C7272 /* KCKeyboardTap.m */ = {isa = PBXFileReference; fileEncoding = 4; lastKnownFileType = sourcecode.c.objc; path = KCKeyboardTap.m; sourceTree = "<group>"; };
		3D3F54870F30F37E001C7272 /* GeneralIcon.tif */ = {isa = PBXFileReference; lastKnownFileType = image.tiff; path = GeneralIcon.tif; sourceTree = "<group>"; };
		3D3F54880F30F37E001C7272 /* DisplayIcon.tif */ = {isa = PBXFileReference; lastKnownFileType = image.tiff; path = DisplayIcon.tif; sourceTree = "<group>"; };
		3D3F548D0F30F3C7001C7272 /* UpdateIcon.tif */ = {isa = PBXFileReference; lastKnownFileType = image.tiff; path = UpdateIcon.tif; sourceTree = "<group>"; };
		3D3F54DD0F31448A001C7272 /* KCVisualizer.h */ = {isa = PBXFileReference; fileEncoding = 4; lastKnownFileType = sourcecode.c.h; path = KCVisualizer.h; sourceTree = "<group>"; };
		3D3F54DE0F31448A001C7272 /* KCVisualizer.m */ = {isa = PBXFileReference; fileEncoding = 4; lastKnownFileType = sourcecode.c.objc; path = KCVisualizer.m; sourceTree = "<group>"; };
		3D3F54E10F31E52E001C7272 /* KCDefaultVisualizer.h */ = {isa = PBXFileReference; fileEncoding = 4; lastKnownFileType = sourcecode.c.h; path = KCDefaultVisualizer.h; sourceTree = "<group>"; };
		3D3F54E20F31E52E001C7272 /* KCDefaultVisualizer.m */ = {isa = PBXFileReference; fileEncoding = 4; lastKnownFileType = sourcecode.c.objc; path = KCDefaultVisualizer.m; sourceTree = "<group>"; };
		3D3F54E70F31E5C2001C7272 /* KCDefaultVisualizer.nib */ = {isa = PBXFileReference; lastKnownFileType = wrapper.nib; path = KCDefaultVisualizer.nib; sourceTree = "<group>"; };
		3D3F56400F32D266001C7272 /* ShortcutRecorder.framework */ = {isa = PBXFileReference; lastKnownFileType = wrapper.framework; path = ShortcutRecorder.framework; sourceTree = "<group>"; };
		3D3F56C30F3374E9001C7272 /* NSBezierPath+RoundedRect.m */ = {isa = PBXFileReference; fileEncoding = 4; lastKnownFileType = sourcecode.c.objc; path = "NSBezierPath+RoundedRect.m"; sourceTree = "<group>"; };
		3D3F56C40F3374E9001C7272 /* NSBezierPath+RoundedRect.h */ = {isa = PBXFileReference; fileEncoding = 4; lastKnownFileType = sourcecode.c.h; path = "NSBezierPath+RoundedRect.h"; sourceTree = "<group>"; };
		3D3F56C90F337533001C7272 /* NSUserDefaults+Utility.h */ = {isa = PBXFileReference; fileEncoding = 4; lastKnownFileType = sourcecode.c.h; path = "NSUserDefaults+Utility.h"; sourceTree = "<group>"; };
		3D3F56CA0F337533001C7272 /* NSUserDefaults+Utility.m */ = {isa = PBXFileReference; fileEncoding = 4; lastKnownFileType = sourcecode.c.objc; path = "NSUserDefaults+Utility.m"; sourceTree = "<group>"; };
		3DC3146F0F33EEF400B67D65 /* KCKeystroke.h */ = {isa = PBXFileReference; fileEncoding = 4; lastKnownFileType = sourcecode.c.h; path = KCKeystroke.h; sourceTree = "<group>"; };
		3DC314700F33EEF400B67D65 /* KCKeystroke.m */ = {isa = PBXFileReference; fileEncoding = 4; lastKnownFileType = sourcecode.c.objc; path = KCKeystroke.m; sourceTree = "<group>"; };
		8D1107310486CEB800E47090 /* Info.plist */ = {isa = PBXFileReference; fileEncoding = 4; lastKnownFileType = text.plist.xml; path = Info.plist; sourceTree = "<group>"; };
		8D1107320486CEB800E47090 /* KeyCastr.app */ = {isa = PBXFileReference; explicitFileType = wrapper.application; includeInIndex = 0; path = KeyCastr.app; sourceTree = BUILT_PRODUCTS_DIR; };
		AE3938871BB73B36005458A6 /* KeyCastrStatusItem.png */ = {isa = PBXFileReference; lastKnownFileType = image.png; path = KeyCastrStatusItem.png; sourceTree = "<group>"; };
		AE3938881BB73B36005458A6 /* KeyCastrStatusItem@2x.png */ = {isa = PBXFileReference; lastKnownFileType = image.png; path = "KeyCastrStatusItem@2x.png"; sourceTree = "<group>"; };
		AE3938891BB73B36005458A6 /* KeyCastrStatusItemActive@2x.png */ = {isa = PBXFileReference; lastKnownFileType = image.png; path = "KeyCastrStatusItemActive@2x.png"; sourceTree = "<group>"; };
		AE39388A1BB73B36005458A6 /* KeyCastrStatusItemInactive@2x.png */ = {isa = PBXFileReference; lastKnownFileType = image.png; path = "KeyCastrStatusItemInactive@2x.png"; sourceTree = "<group>"; };
		AFB1F705235BC9AB0092F4A9 /* KeyCastr.entitlements */ = {isa = PBXFileReference; lastKnownFileType = text.plist.entitlements; path = KeyCastr.entitlements; sourceTree = "<group>"; };
		AFB1F706235BCD500092F4A9 /* Sparkle.framework */ = {isa = PBXFileReference; lastKnownFileType = wrapper.framework; path = Sparkle.framework; sourceTree = "<group>"; };
		AFC172192377CFF500292155 /* KCVisualizerTests.xctest */ = {isa = PBXFileReference; explicitFileType = wrapper.cfbundle; includeInIndex = 0; path = KCVisualizerTests.xctest; sourceTree = BUILT_PRODUCTS_DIR; };
		AFC1721B2377CFF500292155 /* KCVisualizerTests.m */ = {isa = PBXFileReference; lastKnownFileType = sourcecode.c.objc; path = KCVisualizerTests.m; sourceTree = "<group>"; };
		AFC1721D2377CFF500292155 /* Info.plist */ = {isa = PBXFileReference; lastKnownFileType = text.plist.xml; path = Info.plist; sourceTree = "<group>"; };
/* End PBXFileReference section */

/* Begin PBXFrameworksBuildPhase section */
		3D1646580F43D6E700CA65AD /* Frameworks */ = {
			isa = PBXFrameworksBuildPhase;
			buildActionMask = 2147483647;
			files = (
				3D1646CB0F43DC6D00CA65AD /* KCVisualizer.framework in Frameworks */,
			);
			runOnlyForDeploymentPostprocessing = 0;
		};
		3D1646B40F43DBD700CA65AD /* Frameworks */ = {
			isa = PBXFrameworksBuildPhase;
			buildActionMask = 2147483647;
			files = (
			);
			runOnlyForDeploymentPostprocessing = 0;
		};
		3D1648AA0F451D4500CA65AD /* Frameworks */ = {
			isa = PBXFrameworksBuildPhase;
			buildActionMask = 2147483647;
			files = (
				3D1648B70F451D8000CA65AD /* KCVisualizer.framework in Frameworks */,
			);
			runOnlyForDeploymentPostprocessing = 0;
		};
		8D11072E0486CEB800E47090 /* Frameworks */ = {
			isa = PBXFrameworksBuildPhase;
			buildActionMask = 2147483647;
			files = (
				8D11072F0486CEB800E47090 /* Cocoa.framework in Frameworks */,
				3D3F52BA0F30C68B001C7272 /* Quartz.framework in Frameworks */,
				AFB1F707235BCD500092F4A9 /* Sparkle.framework in Frameworks */,
				3D3F56410F32D266001C7272 /* ShortcutRecorder.framework in Frameworks */,
				3D1646F40F43DD8300CA65AD /* KCVisualizer.framework in Frameworks */,
			);
			runOnlyForDeploymentPostprocessing = 0;
		};
		AFC172162377CFF500292155 /* Frameworks */ = {
			isa = PBXFrameworksBuildPhase;
			buildActionMask = 2147483647;
			files = (
				AFC1721E2377CFF500292155 /* KCVisualizer.framework in Frameworks */,
			);
			runOnlyForDeploymentPostprocessing = 0;
		};
/* End PBXFrameworksBuildPhase section */

/* Begin PBXGroup section */
		080E96DDFE201D6D7F000001 /* Application */ = {
			isa = PBXGroup;
			children = (
				3D1648930F43DE7A00CA65AD /* Headers */,
				3D3F52550F300389001C7272 /* KCAppController.m */,
				3D3F540B0F30E8E7001C7272 /* KCKeyboardTap.m */,
				3D3F52EA0F30CB13001C7272 /* KCPrefsWindowController.m */,
				3D3F56CA0F337533001C7272 /* NSUserDefaults+Utility.m */,
				29B97316FDCFA39411CA2CEA /* main.m */,
				29B97317FDCFA39411CA2CEA /* Resources */,
			);
			name = Application;
			sourceTree = "<group>";
		};
		19C28FACFE9D520D11CA2CBB /* Products */ = {
			isa = PBXGroup;
			children = (
				8D1107320486CEB800E47090 /* KeyCastr.app */,
				3D16465A0F43D6E700CA65AD /* KCDefaultVisualizer.kcplugin */,
				3D1646B60F43DBD700CA65AD /* KCVisualizer.framework */,
				3D1648AC0F451D4500CA65AD /* Svelte.kcplugin */,
				AFC172192377CFF500292155 /* KCVisualizerTests.xctest */,
			);
			name = Products;
			sourceTree = "<group>";
		};
		29B97314FDCFA39411CA2CEA /* KeyCastr */ = {
			isa = PBXGroup;
			children = (
				AFB1F705235BC9AB0092F4A9 /* KeyCastr.entitlements */,
				3D1646530F43D6B800CA65AD /* Visualizers */,
				3D1646FC0F43DDC100CA65AD /* Framework */,
				080E96DDFE201D6D7F000001 /* Application */,
				AFC1721A2377CFF500292155 /* KCVisualizerTests */,
				29B97323FDCFA39411CA2CEA /* Frameworks */,
				19C28FACFE9D520D11CA2CBB /* Products */,
			);
			name = KeyCastr;
			sourceTree = "<group>";
		};
		29B97317FDCFA39411CA2CEA /* Resources */ = {
			isa = PBXGroup;
			children = (
				AE3938871BB73B36005458A6 /* KeyCastrStatusItem.png */,
				AE3938881BB73B36005458A6 /* KeyCastrStatusItem@2x.png */,
				AE3938891BB73B36005458A6 /* KeyCastrStatusItemActive@2x.png */,
				AE39388A1BB73B36005458A6 /* KeyCastrStatusItemInactive@2x.png */,
				3D16404E0F3BCC6900CA65AD /* KeyCastrStatusItemActive.png */,
				3D16404F0F3BCC6900CA65AD /* KeyCastrStatusItemInactive.png */,
				3D3F548D0F30F3C7001C7272 /* UpdateIcon.tif */,
				3D3F54870F30F37E001C7272 /* GeneralIcon.tif */,
				3D3F54880F30F37E001C7272 /* DisplayIcon.tif */,
				3D3F52A60F30BF1E001C7272 /* KeyCastr.icns */,
				3D16405F0F3BCEC900CA65AD /* KeyCastrInactive.icns */,
				8D1107310486CEB800E47090 /* Info.plist */,
				089C165CFE840E0CC02AAC07 /* InfoPlist.strings */,
				29B97318FDCFA39411CA2CEA /* MainMenu.nib */,
			);
			name = Resources;
			sourceTree = "<group>";
		};
		29B97323FDCFA39411CA2CEA /* Frameworks */ = {
			isa = PBXGroup;
			children = (
				AFB1F706235BCD500092F4A9 /* Sparkle.framework */,
				3D3F56400F32D266001C7272 /* ShortcutRecorder.framework */,
				3D3F52B90F30C68B001C7272 /* Quartz.framework */,
				1058C7A1FEA54F0111CA2CBB /* Cocoa.framework */,
				29B97324FDCFA39411CA2CEA /* AppKit.framework */,
				13E42FB307B3F0F600E4EEF1 /* CoreData.framework */,
				29B97325FDCFA39411CA2CEA /* Foundation.framework */,
			);
			name = Frameworks;
			sourceTree = "<group>";
		};
		3D1646530F43D6B800CA65AD /* Visualizers */ = {
			isa = PBXGroup;
			children = (
				3D1648A30F451CDA00CA65AD /* Svelte */,
				3D1646EC0F43DD4400CA65AD /* Default */,
			);
			name = Visualizers;
			sourceTree = "<group>";
		};
		3D1646EC0F43DD4400CA65AD /* Default */ = {
			isa = PBXGroup;
			children = (
				3D16465B0F43D6E700CA65AD /* KCDefaultVisualizer-Info.plist */,
				3D3F54E10F31E52E001C7272 /* KCDefaultVisualizer.h */,
				3D3F54E20F31E52E001C7272 /* KCDefaultVisualizer.m */,
				3D3F54E70F31E5C2001C7272 /* KCDefaultVisualizer.nib */,
				3D3F56C30F3374E9001C7272 /* NSBezierPath+RoundedRect.m */,
				3D3F56C40F3374E9001C7272 /* NSBezierPath+RoundedRect.h */,
			);
			name = Default;
			sourceTree = "<group>";
		};
		3D1646FC0F43DDC100CA65AD /* Framework */ = {
			isa = PBXGroup;
			children = (
				3DC3146F0F33EEF400B67D65 /* KCKeystroke.h */,
				3DC314700F33EEF400B67D65 /* KCKeystroke.m */,
				3D3F54DD0F31448A001C7272 /* KCVisualizer.h */,
				3D3F54DE0F31448A001C7272 /* KCVisualizer.m */,
				3D1645DD0F43CD0600CA65AD /* KCKeystrokeTransformer.h */,
				3D1645DE0F43CD0600CA65AD /* KCKeystrokeTransformer.m */,
				3D1646B70F43DBD700CA65AD /* KCVisualizer-Info.plist */,
			);
			name = Framework;
			sourceTree = "<group>";
		};
		3D1648930F43DE7A00CA65AD /* Headers */ = {
			isa = PBXGroup;
			children = (
				3D3F52540F300389001C7272 /* KCAppController.h */,
				3D3F540A0F30E8E7001C7272 /* KCKeyboardTap.h */,
				3D3F52E90F30CB13001C7272 /* KCPrefsWindowController.h */,
				32CA4F630368D1EE00C91783 /* KeyCastr_Prefix.pch */,
				3D3F56C90F337533001C7272 /* NSUserDefaults+Utility.h */,
			);
			name = Headers;
			sourceTree = "<group>";
		};
		3D1648A30F451CDA00CA65AD /* Svelte */ = {
			isa = PBXGroup;
			children = (
				3D1648AD0F451D4500CA65AD /* Svelte-Info.plist */,
				3D1648B80F451DAA00CA65AD /* Svelte.nib */,
				3D1648BA0F451DC300CA65AD /* SvelteVisualizer.h */,
				3D1648BB0F451DC300CA65AD /* SvelteVisualizer.m */,
			);
			name = Svelte;
			sourceTree = "<group>";
		};
		AFC1721A2377CFF500292155 /* KCVisualizerTests */ = {
			isa = PBXGroup;
			children = (
				AFC1721B2377CFF500292155 /* KCVisualizerTests.m */,
				AFC1721D2377CFF500292155 /* Info.plist */,
			);
			path = KCVisualizerTests;
			sourceTree = "<group>";
		};
/* End PBXGroup section */

/* Begin PBXHeadersBuildPhase section */
		3D1646B10F43DBD700CA65AD /* Headers */ = {
			isa = PBXHeadersBuildPhase;
			buildActionMask = 2147483647;
			files = (
				3D1646C30F43DC4700CA65AD /* KCVisualizer.h in Headers */,
				3D1646C50F43DC4C00CA65AD /* KCKeystroke.h in Headers */,
				3D1646C60F43DC5000CA65AD /* KCKeystrokeTransformer.h in Headers */,
			);
			runOnlyForDeploymentPostprocessing = 0;
		};
/* End PBXHeadersBuildPhase section */

/* Begin PBXNativeTarget section */
		3D1646590F43D6E700CA65AD /* KCDefaultVisualizer */ = {
			isa = PBXNativeTarget;
			buildConfigurationList = 3D16465E0F43D6E800CA65AD /* Build configuration list for PBXNativeTarget "KCDefaultVisualizer" */;
			buildPhases = (
				3D1646560F43D6E700CA65AD /* Resources */,
				3D1646570F43D6E700CA65AD /* Sources */,
				3D1646580F43D6E700CA65AD /* Frameworks */,
			);
			buildRules = (
			);
			dependencies = (
				3D1646D70F43DCB700CA65AD /* PBXTargetDependency */,
			);
			name = KCDefaultVisualizer;
			productName = KCDefaultVisualizer;
			productReference = 3D16465A0F43D6E700CA65AD /* KCDefaultVisualizer.kcplugin */;
			productType = "com.apple.product-type.bundle";
		};
		3D1646B50F43DBD700CA65AD /* KCVisualizer */ = {
			isa = PBXNativeTarget;
			buildConfigurationList = 3D1646BA0F43DBD800CA65AD /* Build configuration list for PBXNativeTarget "KCVisualizer" */;
			buildPhases = (
				3D1646B10F43DBD700CA65AD /* Headers */,
				3D1646B20F43DBD700CA65AD /* Resources */,
				3D1646B30F43DBD700CA65AD /* Sources */,
				3D1646B40F43DBD700CA65AD /* Frameworks */,
			);
			buildRules = (
			);
			dependencies = (
			);
			name = KCVisualizer;
			productName = KCVisualizer;
			productReference = 3D1646B60F43DBD700CA65AD /* KCVisualizer.framework */;
			productType = "com.apple.product-type.framework";
		};
		3D1648AB0F451D4500CA65AD /* Svelte */ = {
			isa = PBXNativeTarget;
			buildConfigurationList = 3D1648B00F451D4500CA65AD /* Build configuration list for PBXNativeTarget "Svelte" */;
			buildPhases = (
				3D1648A80F451D4500CA65AD /* Resources */,
				3D1648A90F451D4500CA65AD /* Sources */,
				3D1648AA0F451D4500CA65AD /* Frameworks */,
			);
			buildRules = (
			);
			dependencies = (
				3D1648B50F451D6F00CA65AD /* PBXTargetDependency */,
			);
			name = Svelte;
			productName = Svelte;
			productReference = 3D1648AC0F451D4500CA65AD /* Svelte.kcplugin */;
			productType = "com.apple.product-type.bundle";
		};
		8D1107260486CEB800E47090 /* KeyCastr */ = {
			isa = PBXNativeTarget;
			buildConfigurationList = C01FCF4A08A954540054247B /* Build configuration list for PBXNativeTarget "KeyCastr" */;
			buildPhases = (
				8D1107290486CEB800E47090 /* Resources */,
				8D11072C0486CEB800E47090 /* Sources */,
				8D11072E0486CEB800E47090 /* Frameworks */,
				3D3F56500F32D308001C7272 /* CopyFiles */,
				3D1646710F43D79600CA65AD /* CopyFiles */,
			);
			buildRules = (
			);
			dependencies = (
				3D1646D50F43DCB200CA65AD /* PBXTargetDependency */,
				3D1648C60F451EE400CA65AD /* PBXTargetDependency */,
				3D1646670F43D74700CA65AD /* PBXTargetDependency */,
			);
			name = KeyCastr;
			productInstallPath = "$(HOME)/Applications";
			productName = KeyCastr;
			productReference = 8D1107320486CEB800E47090 /* KeyCastr.app */;
			productType = "com.apple.product-type.application";
		};
		AFC172182377CFF500292155 /* KCVisualizerTests */ = {
			isa = PBXNativeTarget;
			buildConfigurationList = AFC172212377CFF500292155 /* Build configuration list for PBXNativeTarget "KCVisualizerTests" */;
			buildPhases = (
				AFC172152377CFF500292155 /* Sources */,
				AFC172162377CFF500292155 /* Frameworks */,
				AFC172172377CFF500292155 /* Resources */,
			);
			buildRules = (
			);
			dependencies = (
				AFC172202377CFF500292155 /* PBXTargetDependency */,
			);
			name = KCVisualizerTests;
			productName = KCVisualizerTests;
			productReference = AFC172192377CFF500292155 /* KCVisualizerTests.xctest */;
			productType = "com.apple.product-type.bundle.unit-test";
		};
/* End PBXNativeTarget section */

/* Begin PBXProject section */
		29B97313FDCFA39411CA2CEA /* Project object */ = {
			isa = PBXProject;
			attributes = {
				LastUpgradeCheck = 1120;
				TargetAttributes = {
					8D1107260486CEB800E47090 = {
						DevelopmentTeam = 68TUCLNAPS;
						ProvisioningStyle = Manual;
					};
					AFC172182377CFF500292155 = {
						CreatedOnToolsVersion = 11.2;
						ProvisioningStyle = Automatic;
					};
				};
			};
			buildConfigurationList = C01FCF4E08A954540054247B /* Build configuration list for PBXProject "KeyCastr" */;
			compatibilityVersion = "Xcode 3.2";
			developmentRegion = English;
			hasScannedForEncodings = 1;
			knownRegions = (
				en,
				English,
			);
			mainGroup = 29B97314FDCFA39411CA2CEA /* KeyCastr */;
			projectDirPath = "";
			projectRoot = "";
			targets = (
				3D1646B50F43DBD700CA65AD /* KCVisualizer */,
				3D1648AB0F451D4500CA65AD /* Svelte */,
				3D1646590F43D6E700CA65AD /* KCDefaultVisualizer */,
				8D1107260486CEB800E47090 /* KeyCastr */,
				AFC172182377CFF500292155 /* KCVisualizerTests */,
			);
		};
/* End PBXProject section */

/* Begin PBXResourcesBuildPhase section */
		3D1646560F43D6E700CA65AD /* Resources */ = {
			isa = PBXResourcesBuildPhase;
			buildActionMask = 2147483647;
			files = (
				3D1646840F43D8BE00CA65AD /* KCDefaultVisualizer.nib in Resources */,
			);
			runOnlyForDeploymentPostprocessing = 0;
		};
		3D1646B20F43DBD700CA65AD /* Resources */ = {
			isa = PBXResourcesBuildPhase;
			buildActionMask = 2147483647;
			files = (
			);
			runOnlyForDeploymentPostprocessing = 0;
		};
		3D1648A80F451D4500CA65AD /* Resources */ = {
			isa = PBXResourcesBuildPhase;
			buildActionMask = 2147483647;
			files = (
				3D1648B90F451DAA00CA65AD /* Svelte.nib in Resources */,
			);
			runOnlyForDeploymentPostprocessing = 0;
		};
		8D1107290486CEB800E47090 /* Resources */ = {
			isa = PBXResourcesBuildPhase;
			buildActionMask = 2147483647;
			files = (
				8D11072A0486CEB800E47090 /* MainMenu.nib in Resources */,
				8D11072B0486CEB800E47090 /* InfoPlist.strings in Resources */,
				3D3F52A70F30BF1E001C7272 /* KeyCastr.icns in Resources */,
				3D3F548A0F30F37E001C7272 /* GeneralIcon.tif in Resources */,
				AE39388C1BB73B36005458A6 /* KeyCastrStatusItem@2x.png in Resources */,
				3D3F548B0F30F37E001C7272 /* DisplayIcon.tif in Resources */,
				3D3F548E0F30F3C7001C7272 /* UpdateIcon.tif in Resources */,
				3D1640500F3BCC6900CA65AD /* KeyCastrStatusItemActive.png in Resources */,
				3D1640510F3BCC6900CA65AD /* KeyCastrStatusItemInactive.png in Resources */,
				AE39388D1BB73B36005458A6 /* KeyCastrStatusItemActive@2x.png in Resources */,
				AE39388B1BB73B36005458A6 /* KeyCastrStatusItem.png in Resources */,
				AE39388E1BB73B36005458A6 /* KeyCastrStatusItemInactive@2x.png in Resources */,
				3D1640600F3BCEC900CA65AD /* KeyCastrInactive.icns in Resources */,
			);
			runOnlyForDeploymentPostprocessing = 0;
		};
		AFC172172377CFF500292155 /* Resources */ = {
			isa = PBXResourcesBuildPhase;
			buildActionMask = 2147483647;
			files = (
			);
			runOnlyForDeploymentPostprocessing = 0;
		};
/* End PBXResourcesBuildPhase section */

/* Begin PBXSourcesBuildPhase section */
		3D1646570F43D6E700CA65AD /* Sources */ = {
			isa = PBXSourcesBuildPhase;
			buildActionMask = 2147483647;
			files = (
				3D1646830F43D8BD00CA65AD /* KCDefaultVisualizer.m in Sources */,
				3D1646ED0F43DD5E00CA65AD /* NSBezierPath+RoundedRect.m in Sources */,
			);
			runOnlyForDeploymentPostprocessing = 0;
		};
		3D1646B30F43DBD700CA65AD /* Sources */ = {
			isa = PBXSourcesBuildPhase;
			buildActionMask = 2147483647;
			files = (
				3D1646C20F43DC4700CA65AD /* KCVisualizer.m in Sources */,
				3D1646C40F43DC4C00CA65AD /* KCKeystroke.m in Sources */,
				3D1646C70F43DC5100CA65AD /* KCKeystrokeTransformer.m in Sources */,
			);
			runOnlyForDeploymentPostprocessing = 0;
		};
		3D1648A90F451D4500CA65AD /* Sources */ = {
			isa = PBXSourcesBuildPhase;
			buildActionMask = 2147483647;
			files = (
				3D1648BC0F451DC300CA65AD /* SvelteVisualizer.m in Sources */,
			);
			runOnlyForDeploymentPostprocessing = 0;
		};
		8D11072C0486CEB800E47090 /* Sources */ = {
			isa = PBXSourcesBuildPhase;
			buildActionMask = 2147483647;
			files = (
				8D11072D0486CEB800E47090 /* main.m in Sources */,
				3D3F52EB0F30CB13001C7272 /* KCPrefsWindowController.m in Sources */,
				3D3F540C0F30E8E7001C7272 /* KCKeyboardTap.m in Sources */,
				3D3F56CB0F337533001C7272 /* NSUserDefaults+Utility.m in Sources */,
				3D1646EB0F43DD3000CA65AD /* KCAppController.m in Sources */,
			);
			runOnlyForDeploymentPostprocessing = 0;
		};
		AFC172152377CFF500292155 /* Sources */ = {
			isa = PBXSourcesBuildPhase;
			buildActionMask = 2147483647;
			files = (
				AFC1721C2377CFF500292155 /* KCVisualizerTests.m in Sources */,
			);
			runOnlyForDeploymentPostprocessing = 0;
		};
/* End PBXSourcesBuildPhase section */

/* Begin PBXTargetDependency section */
		3D1646670F43D74700CA65AD /* PBXTargetDependency */ = {
			isa = PBXTargetDependency;
			target = 3D1646590F43D6E700CA65AD /* KCDefaultVisualizer */;
			targetProxy = 3D1646660F43D74700CA65AD /* PBXContainerItemProxy */;
		};
		3D1646D50F43DCB200CA65AD /* PBXTargetDependency */ = {
			isa = PBXTargetDependency;
			target = 3D1646B50F43DBD700CA65AD /* KCVisualizer */;
			targetProxy = 3D1646D40F43DCB200CA65AD /* PBXContainerItemProxy */;
		};
		3D1646D70F43DCB700CA65AD /* PBXTargetDependency */ = {
			isa = PBXTargetDependency;
			target = 3D1646B50F43DBD700CA65AD /* KCVisualizer */;
			targetProxy = 3D1646D60F43DCB700CA65AD /* PBXContainerItemProxy */;
		};
		3D1648B50F451D6F00CA65AD /* PBXTargetDependency */ = {
			isa = PBXTargetDependency;
			target = 3D1646B50F43DBD700CA65AD /* KCVisualizer */;
			targetProxy = 3D1648B40F451D6F00CA65AD /* PBXContainerItemProxy */;
		};
		3D1648C60F451EE400CA65AD /* PBXTargetDependency */ = {
			isa = PBXTargetDependency;
			target = 3D1648AB0F451D4500CA65AD /* Svelte */;
			targetProxy = 3D1648C50F451EE400CA65AD /* PBXContainerItemProxy */;
		};
		AFC172202377CFF500292155 /* PBXTargetDependency */ = {
			isa = PBXTargetDependency;
			target = 3D1646B50F43DBD700CA65AD /* KCVisualizer */;
			targetProxy = AFC1721F2377CFF500292155 /* PBXContainerItemProxy */;
		};
/* End PBXTargetDependency section */

/* Begin PBXVariantGroup section */
		089C165CFE840E0CC02AAC07 /* InfoPlist.strings */ = {
			isa = PBXVariantGroup;
			children = (
				089C165DFE840E0CC02AAC07 /* English */,
			);
			name = InfoPlist.strings;
			sourceTree = "<group>";
		};
		29B97318FDCFA39411CA2CEA /* MainMenu.nib */ = {
			isa = PBXVariantGroup;
			children = (
				29B97319FDCFA39411CA2CEA /* English */,
			);
			name = MainMenu.nib;
			sourceTree = "<group>";
		};
/* End PBXVariantGroup section */

/* Begin XCBuildConfiguration section */
		3D11D6140F4CEB0300BBE7F1 /* Code Coverage */ = {
			isa = XCBuildConfiguration;
			buildSettings = {
				CLANG_ANALYZER_LOCALIZABILITY_NONLOCALIZED = YES;
				CLANG_WARN_BLOCK_CAPTURE_AUTORELEASING = YES;
				CLANG_WARN_BOOL_CONVERSION = YES;
				CLANG_WARN_COMMA = YES;
				CLANG_WARN_CONSTANT_CONVERSION = YES;
				CLANG_WARN_DEPRECATED_OBJC_IMPLEMENTATIONS = YES;
				CLANG_WARN_EMPTY_BODY = YES;
				CLANG_WARN_ENUM_CONVERSION = YES;
				CLANG_WARN_INFINITE_RECURSION = YES;
				CLANG_WARN_INT_CONVERSION = YES;
				CLANG_WARN_NON_LITERAL_NULL_CONVERSION = YES;
				CLANG_WARN_OBJC_IMPLICIT_RETAIN_SELF = YES;
				CLANG_WARN_OBJC_LITERAL_CONVERSION = YES;
				CLANG_WARN_RANGE_LOOP_ANALYSIS = YES;
				CLANG_WARN_STRICT_PROTOTYPES = YES;
				CLANG_WARN_SUSPICIOUS_MOVE = YES;
				CLANG_WARN_UNREACHABLE_CODE = YES;
				CLANG_WARN__DUPLICATE_METHOD_MATCH = YES;
				COPY_PHASE_STRIP = NO;
				ENABLE_STRICT_OBJC_MSGSEND = YES;
				GCC_DEBUGGING_SYMBOLS = full;
				GCC_GENERATE_TEST_COVERAGE_FILES = YES;
				GCC_INSTRUMENT_PROGRAM_FLOW_ARCS = YES;
				GCC_NO_COMMON_BLOCKS = YES;
				GCC_OPTIMIZATION_LEVEL = 0;
				GCC_WARN_64_TO_32_BIT_CONVERSION = YES;
				GCC_WARN_ABOUT_RETURN_TYPE = YES;
				GCC_WARN_UNDECLARED_SELECTOR = YES;
				GCC_WARN_UNINITIALIZED_AUTOS = YES;
				GCC_WARN_UNUSED_FUNCTION = YES;
				GCC_WARN_UNUSED_VARIABLE = YES;
				MACOSX_DEPLOYMENT_TARGET = 10.9;
				OTHER_LDFLAGS = "";
				SDKROOT = macosx;
			};
			name = "Code Coverage";
		};
		3D11D6150F4CEB0300BBE7F1 /* Code Coverage */ = {
			isa = XCBuildConfiguration;
			buildSettings = {
				CLANG_ENABLE_OBJC_WEAK = YES;
				COPY_PHASE_STRIP = NO;
				DEFINES_MODULE = YES;
				DYLIB_COMPATIBILITY_VERSION = 1;
				DYLIB_CURRENT_VERSION = 1;
				FRAMEWORK_VERSION = A;
				GCC_DYNAMIC_NO_PIC = NO;
				GCC_MODEL_TUNING = G5;
				GCC_OPTIMIZATION_LEVEL = 0;
				GCC_PRECOMPILE_PREFIX_HEADER = YES;
				GCC_PREFIX_HEADER = "$(SYSTEM_LIBRARY_DIR)/Frameworks/AppKit.framework/Headers/AppKit.h";
				INFOPLIST_FILE = "KCVisualizer-Info.plist";
				INSTALL_PATH = "@executable_path/../Frameworks";
				OTHER_LDFLAGS = (
					"-lgcov",
					"-framework",
					Foundation,
					"-framework",
					AppKit,
				);
				PRODUCT_BUNDLE_IDENTIFIER = io.github.keycastr.KCVisualizer;
				PRODUCT_NAME = KCVisualizer;
				SKIP_INSTALL = YES;
				ZERO_LINK = NO;
			};
			name = "Code Coverage";
		};
		3D11D6160F4CEB0300BBE7F1 /* Code Coverage */ = {
			isa = XCBuildConfiguration;
			buildSettings = {
				CLANG_ENABLE_OBJC_WEAK = YES;
				COPY_PHASE_STRIP = NO;
				GCC_DYNAMIC_NO_PIC = NO;
				GCC_GENERATE_TEST_COVERAGE_FILES = YES;
				GCC_INSTRUMENT_PROGRAM_FLOW_ARCS = YES;
				GCC_MODEL_TUNING = G5;
				GCC_OPTIMIZATION_LEVEL = 0;
				GCC_PRECOMPILE_PREFIX_HEADER = YES;
				GCC_PREFIX_HEADER = "$(SYSTEM_LIBRARY_DIR)/Frameworks/AppKit.framework/Headers/AppKit.h";
				INFOPLIST_FILE = "Svelte-Info.plist";
				INSTALL_PATH = "$(HOME)/Library/Bundles";
				OTHER_LDFLAGS = (
					"-framework",
					Foundation,
					"-framework",
					AppKit,
				);
				PRODUCT_BUNDLE_IDENTIFIER = io.github.keycastr.Svelte;
				PRODUCT_NAME = Svelte;
				WRAPPER_EXTENSION = kcplugin;
				ZERO_LINK = NO;
			};
			name = "Code Coverage";
		};
		3D11D6170F4CEB0300BBE7F1 /* Code Coverage */ = {
			isa = XCBuildConfiguration;
			buildSettings = {
				CLANG_ENABLE_OBJC_WEAK = YES;
				COPY_PHASE_STRIP = NO;
				GCC_DYNAMIC_NO_PIC = NO;
				GCC_MODEL_TUNING = G5;
				GCC_OPTIMIZATION_LEVEL = 0;
				GCC_PRECOMPILE_PREFIX_HEADER = YES;
				GCC_PREFIX_HEADER = "$(SYSTEM_LIBRARY_DIR)/Frameworks/AppKit.framework/Headers/AppKit.h";
				INFOPLIST_FILE = "KCDefaultVisualizer-Info.plist";
				INSTALL_PATH = "$(HOME)/Library/Bundles";
				OTHER_LDFLAGS = (
					"-framework",
					Foundation,
					"-framework",
					AppKit,
				);
				PRODUCT_BUNDLE_IDENTIFIER = io.github.keycastr.KCDefaultVisualizer;
				PRODUCT_NAME = KCDefaultVisualizer;
				WRAPPER_EXTENSION = kcplugin;
				ZERO_LINK = NO;
			};
			name = "Code Coverage";
		};
		3D11D6180F4CEB0300BBE7F1 /* Code Coverage */ = {
			isa = XCBuildConfiguration;
			buildSettings = {
				CLANG_ENABLE_OBJC_WEAK = YES;
				CODE_SIGN_ENTITLEMENTS = KeyCastr.entitlements;
				CODE_SIGN_IDENTITY = "Apple Development";
				CODE_SIGN_STYLE = Manual;
				COPY_PHASE_STRIP = NO;
				DEVELOPMENT_TEAM = 68TUCLNAPS;
				ENABLE_HARDENED_RUNTIME = YES;
				FRAMEWORK_SEARCH_PATHS = (
					"$(inherited)",
					"$(SRCROOT)",
					"$(PROJECT_DIR)",
				);
				GCC_DYNAMIC_NO_PIC = NO;
				GCC_GENERATE_TEST_COVERAGE_FILES = YES;
				GCC_INSTRUMENT_PROGRAM_FLOW_ARCS = YES;
				GCC_MODEL_TUNING = G5;
				GCC_OPTIMIZATION_LEVEL = 0;
				GCC_PRECOMPILE_PREFIX_HEADER = YES;
				GCC_PREFIX_HEADER = KeyCastr_Prefix.pch;
				INFOPLIST_FILE = Info.plist;
				INSTALL_PATH = "$(HOME)/Applications";
				LD_RUNPATH_SEARCH_PATHS = "$(inherited) @executable_path/../Frameworks";
				MARKETING_VERSION = "0.9.9-pre";
				PRODUCT_BUNDLE_IDENTIFIER = io.github.keycastr;
				PRODUCT_NAME = KeyCastr;
				PROVISIONING_PROFILE_SPECIFIER = "";
				WRAPPER_EXTENSION = app;
				ZERO_LINK = NO;
			};
			name = "Code Coverage";
		};
		3D16465C0F43D6E800CA65AD /* Debug */ = {
			isa = XCBuildConfiguration;
			buildSettings = {
				CLANG_ENABLE_OBJC_WEAK = YES;
				COPY_PHASE_STRIP = NO;
				GCC_DYNAMIC_NO_PIC = NO;
				GCC_MODEL_TUNING = G5;
				GCC_OPTIMIZATION_LEVEL = 0;
				GCC_PRECOMPILE_PREFIX_HEADER = YES;
				GCC_PREFIX_HEADER = "$(SYSTEM_LIBRARY_DIR)/Frameworks/AppKit.framework/Headers/AppKit.h";
				INFOPLIST_FILE = "KCDefaultVisualizer-Info.plist";
				INSTALL_PATH = "$(HOME)/Library/Bundles";
				OTHER_LDFLAGS = (
					"-framework",
					Foundation,
					"-framework",
					AppKit,
				);
				PRODUCT_BUNDLE_IDENTIFIER = io.github.keycastr.KCDefaultVisualizer;
				PRODUCT_NAME = KCDefaultVisualizer;
				WRAPPER_EXTENSION = kcplugin;
				ZERO_LINK = YES;
			};
			name = Debug;
		};
		3D16465D0F43D6E800CA65AD /* Release */ = {
			isa = XCBuildConfiguration;
			buildSettings = {
				CLANG_ENABLE_OBJC_WEAK = YES;
				COPY_PHASE_STRIP = YES;
				DEBUG_INFORMATION_FORMAT = "dwarf-with-dsym";
				GCC_MODEL_TUNING = G5;
				GCC_PRECOMPILE_PREFIX_HEADER = YES;
				GCC_PREFIX_HEADER = "$(SYSTEM_LIBRARY_DIR)/Frameworks/AppKit.framework/Headers/AppKit.h";
				INFOPLIST_FILE = "KCDefaultVisualizer-Info.plist";
				INSTALL_PATH = "$(HOME)/Library/Bundles";
				OTHER_LDFLAGS = (
					"-framework",
					Foundation,
					"-framework",
					AppKit,
				);
				PRODUCT_BUNDLE_IDENTIFIER = io.github.keycastr.KCDefaultVisualizer;
				PRODUCT_NAME = KCDefaultVisualizer;
				SKIP_INSTALL = YES;
				WRAPPER_EXTENSION = kcplugin;
				ZERO_LINK = NO;
			};
			name = Release;
		};
		3D1646B80F43DBD800CA65AD /* Debug */ = {
			isa = XCBuildConfiguration;
			buildSettings = {
				CLANG_ENABLE_OBJC_WEAK = YES;
				COPY_PHASE_STRIP = NO;
				DEFINES_MODULE = YES;
				DYLIB_COMPATIBILITY_VERSION = 1;
				DYLIB_CURRENT_VERSION = 1;
				FRAMEWORK_VERSION = A;
				GCC_DYNAMIC_NO_PIC = NO;
				GCC_MODEL_TUNING = G5;
				GCC_OPTIMIZATION_LEVEL = 0;
				GCC_PRECOMPILE_PREFIX_HEADER = YES;
				GCC_PREFIX_HEADER = "$(SYSTEM_LIBRARY_DIR)/Frameworks/AppKit.framework/Headers/AppKit.h";
				INFOPLIST_FILE = "KCVisualizer-Info.plist";
				INSTALL_PATH = "@executable_path/../Frameworks";
				OTHER_LDFLAGS = (
					"-framework",
					Foundation,
					"-framework",
					AppKit,
				);
				PRODUCT_BUNDLE_IDENTIFIER = io.github.keycastr.KCVisualizer;
				PRODUCT_NAME = KCVisualizer;
				SKIP_INSTALL = YES;
				ZERO_LINK = YES;
			};
			name = Debug;
		};
		3D1646B90F43DBD800CA65AD /* Release */ = {
			isa = XCBuildConfiguration;
			buildSettings = {
				CLANG_ENABLE_OBJC_WEAK = YES;
				COPY_PHASE_STRIP = YES;
				DEBUG_INFORMATION_FORMAT = "dwarf-with-dsym";
				DEFINES_MODULE = YES;
				DYLIB_COMPATIBILITY_VERSION = 1;
				DYLIB_CURRENT_VERSION = 1;
				FRAMEWORK_VERSION = A;
				GCC_MODEL_TUNING = G5;
				GCC_PRECOMPILE_PREFIX_HEADER = YES;
				GCC_PREFIX_HEADER = "$(SYSTEM_LIBRARY_DIR)/Frameworks/AppKit.framework/Headers/AppKit.h";
				INFOPLIST_FILE = "KCVisualizer-Info.plist";
				INSTALL_PATH = "@executable_path/../Frameworks";
				OTHER_LDFLAGS = (
					"-framework",
					Foundation,
					"-framework",
					AppKit,
				);
				PRODUCT_BUNDLE_IDENTIFIER = io.github.keycastr.KCVisualizer;
				PRODUCT_NAME = KCVisualizer;
				SKIP_INSTALL = YES;
				ZERO_LINK = NO;
			};
			name = Release;
		};
		3D1648AE0F451D4500CA65AD /* Debug */ = {
			isa = XCBuildConfiguration;
			buildSettings = {
				CLANG_ENABLE_OBJC_WEAK = YES;
				COPY_PHASE_STRIP = NO;
				GCC_DYNAMIC_NO_PIC = NO;
				GCC_MODEL_TUNING = G5;
				GCC_OPTIMIZATION_LEVEL = 0;
				GCC_PRECOMPILE_PREFIX_HEADER = YES;
				GCC_PREFIX_HEADER = "$(SYSTEM_LIBRARY_DIR)/Frameworks/AppKit.framework/Headers/AppKit.h";
				INFOPLIST_FILE = "Svelte-Info.plist";
				INSTALL_PATH = "$(HOME)/Library/Bundles";
				OTHER_LDFLAGS = (
					"-framework",
					Foundation,
					"-framework",
					AppKit,
				);
				PRODUCT_BUNDLE_IDENTIFIER = io.github.keycastr.Svelte;
				PRODUCT_NAME = Svelte;
				WRAPPER_EXTENSION = kcplugin;
				ZERO_LINK = YES;
			};
			name = Debug;
		};
		3D1648AF0F451D4500CA65AD /* Release */ = {
			isa = XCBuildConfiguration;
			buildSettings = {
				CLANG_ENABLE_OBJC_WEAK = YES;
				COPY_PHASE_STRIP = YES;
				DEBUG_INFORMATION_FORMAT = "dwarf-with-dsym";
				GCC_MODEL_TUNING = G5;
				GCC_PRECOMPILE_PREFIX_HEADER = YES;
				GCC_PREFIX_HEADER = "$(SYSTEM_LIBRARY_DIR)/Frameworks/AppKit.framework/Headers/AppKit.h";
				INFOPLIST_FILE = "Svelte-Info.plist";
				INSTALL_PATH = "$(HOME)/Library/Bundles";
				OTHER_LDFLAGS = (
					"-framework",
					Foundation,
					"-framework",
					AppKit,
				);
				PRODUCT_BUNDLE_IDENTIFIER = io.github.keycastr.Svelte;
				PRODUCT_NAME = Svelte;
				SKIP_INSTALL = YES;
				WRAPPER_EXTENSION = kcplugin;
				ZERO_LINK = NO;
			};
			name = Release;
		};
		AFC172222377CFF500292155 /* Debug */ = {
			isa = XCBuildConfiguration;
			buildSettings = {
				ALWAYS_SEARCH_USER_PATHS = NO;
				CLANG_ANALYZER_NONNULL = YES;
				CLANG_ANALYZER_NUMBER_OBJECT_CONVERSION = YES_AGGRESSIVE;
				CLANG_CXX_LANGUAGE_STANDARD = "gnu++14";
				CLANG_CXX_LIBRARY = "libc++";
				CLANG_ENABLE_MODULES = YES;
				CLANG_ENABLE_OBJC_ARC = YES;
				CLANG_ENABLE_OBJC_WEAK = YES;
				CLANG_WARN_DIRECT_OBJC_ISA_USAGE = YES_ERROR;
				CLANG_WARN_DOCUMENTATION_COMMENTS = YES;
				CLANG_WARN_OBJC_ROOT_CLASS = YES_ERROR;
				CLANG_WARN_UNGUARDED_AVAILABILITY = YES_AGGRESSIVE;
				CODE_SIGN_STYLE = Automatic;
				COMBINE_HIDPI_IMAGES = YES;
				COPY_PHASE_STRIP = NO;
				DEBUG_INFORMATION_FORMAT = dwarf;
				GCC_C_LANGUAGE_STANDARD = gnu11;
				GCC_DYNAMIC_NO_PIC = NO;
				GCC_OPTIMIZATION_LEVEL = 0;
				GCC_PREPROCESSOR_DEFINITIONS = (
					"DEBUG=1",
					"$(inherited)",
				);
				GCC_WARN_ABOUT_RETURN_TYPE = YES_ERROR;
				GCC_WARN_UNINITIALIZED_AUTOS = YES_AGGRESSIVE;
				INFOPLIST_FILE = KCVisualizerTests/Info.plist;
				LD_RUNPATH_SEARCH_PATHS = "$(inherited) @executable_path/../Frameworks @loader_path/../Frameworks";
				MACOSX_DEPLOYMENT_TARGET = 10.14;
				MTL_ENABLE_DEBUG_INFO = INCLUDE_SOURCE;
				MTL_FAST_MATH = YES;
				PRODUCT_BUNDLE_IDENTIFIER = io.github.keycastr.KCVisualizerTests;
				PRODUCT_NAME = "$(TARGET_NAME)";
			};
			name = Debug;
		};
		AFC172232377CFF500292155 /* Code Coverage */ = {
			isa = XCBuildConfiguration;
			buildSettings = {
				ALWAYS_SEARCH_USER_PATHS = NO;
				CLANG_ANALYZER_NONNULL = YES;
				CLANG_ANALYZER_NUMBER_OBJECT_CONVERSION = YES_AGGRESSIVE;
				CLANG_CXX_LANGUAGE_STANDARD = "gnu++14";
				CLANG_CXX_LIBRARY = "libc++";
				CLANG_ENABLE_MODULES = YES;
				CLANG_ENABLE_OBJC_ARC = YES;
				CLANG_ENABLE_OBJC_WEAK = YES;
				CLANG_WARN_DIRECT_OBJC_ISA_USAGE = YES_ERROR;
				CLANG_WARN_DOCUMENTATION_COMMENTS = YES;
				CLANG_WARN_OBJC_ROOT_CLASS = YES_ERROR;
				CLANG_WARN_UNGUARDED_AVAILABILITY = YES_AGGRESSIVE;
				CODE_SIGN_STYLE = Automatic;
				COMBINE_HIDPI_IMAGES = YES;
				COPY_PHASE_STRIP = NO;
				DEBUG_INFORMATION_FORMAT = "dwarf-with-dsym";
				ENABLE_NS_ASSERTIONS = NO;
				GCC_C_LANGUAGE_STANDARD = gnu11;
				GCC_WARN_ABOUT_RETURN_TYPE = YES_ERROR;
				GCC_WARN_UNINITIALIZED_AUTOS = YES_AGGRESSIVE;
				INFOPLIST_FILE = KCVisualizerTests/Info.plist;
				LD_RUNPATH_SEARCH_PATHS = "$(inherited) @executable_path/../Frameworks @loader_path/../Frameworks";
				MACOSX_DEPLOYMENT_TARGET = 10.14;
				MTL_ENABLE_DEBUG_INFO = NO;
				MTL_FAST_MATH = YES;
				PRODUCT_BUNDLE_IDENTIFIER = io.github.keycastr.KCVisualizerTests;
				PRODUCT_NAME = "$(TARGET_NAME)";
			};
			name = "Code Coverage";
		};
		AFC172242377CFF500292155 /* Release */ = {
			isa = XCBuildConfiguration;
			buildSettings = {
				ALWAYS_SEARCH_USER_PATHS = NO;
				CLANG_ANALYZER_NONNULL = YES;
				CLANG_ANALYZER_NUMBER_OBJECT_CONVERSION = YES_AGGRESSIVE;
				CLANG_CXX_LANGUAGE_STANDARD = "gnu++14";
				CLANG_CXX_LIBRARY = "libc++";
				CLANG_ENABLE_MODULES = YES;
				CLANG_ENABLE_OBJC_ARC = YES;
				CLANG_ENABLE_OBJC_WEAK = YES;
				CLANG_WARN_DIRECT_OBJC_ISA_USAGE = YES_ERROR;
				CLANG_WARN_DOCUMENTATION_COMMENTS = YES;
				CLANG_WARN_OBJC_ROOT_CLASS = YES_ERROR;
				CLANG_WARN_UNGUARDED_AVAILABILITY = YES_AGGRESSIVE;
				CODE_SIGN_STYLE = Automatic;
				COMBINE_HIDPI_IMAGES = YES;
				COPY_PHASE_STRIP = NO;
				DEBUG_INFORMATION_FORMAT = "dwarf-with-dsym";
				ENABLE_NS_ASSERTIONS = NO;
				GCC_C_LANGUAGE_STANDARD = gnu11;
				GCC_WARN_ABOUT_RETURN_TYPE = YES_ERROR;
				GCC_WARN_UNINITIALIZED_AUTOS = YES_AGGRESSIVE;
				INFOPLIST_FILE = KCVisualizerTests/Info.plist;
				LD_RUNPATH_SEARCH_PATHS = "$(inherited) @executable_path/../Frameworks @loader_path/../Frameworks";
				MACOSX_DEPLOYMENT_TARGET = 10.14;
				MTL_ENABLE_DEBUG_INFO = NO;
				MTL_FAST_MATH = YES;
				PRODUCT_BUNDLE_IDENTIFIER = io.github.keycastr.KCVisualizerTests;
				PRODUCT_NAME = "$(TARGET_NAME)";
			};
			name = Release;
		};
		C01FCF4B08A954540054247B /* Debug */ = {
			isa = XCBuildConfiguration;
			buildSettings = {
				CLANG_ENABLE_OBJC_WEAK = YES;
				CODE_SIGN_ENTITLEMENTS = KeyCastr.entitlements;
				CODE_SIGN_IDENTITY = "Apple Development";
				CODE_SIGN_STYLE = Manual;
				COPY_PHASE_STRIP = NO;
				DEVELOPMENT_TEAM = 68TUCLNAPS;
				ENABLE_HARDENED_RUNTIME = YES;
				FRAMEWORK_SEARCH_PATHS = (
					"$(inherited)",
					"$(SRCROOT)",
					"$(PROJECT_DIR)",
				);
				GCC_DYNAMIC_NO_PIC = NO;
				GCC_MODEL_TUNING = G5;
				GCC_OPTIMIZATION_LEVEL = 0;
				GCC_PRECOMPILE_PREFIX_HEADER = YES;
				GCC_PREFIX_HEADER = KeyCastr_Prefix.pch;
				INFOPLIST_FILE = Info.plist;
				INSTALL_PATH = "$(HOME)/Applications";
				LD_RUNPATH_SEARCH_PATHS = "$(inherited) @executable_path/../Frameworks";
				MARKETING_VERSION = "0.9.9-pre";
				PRODUCT_BUNDLE_IDENTIFIER = io.github.keycastr;
				PRODUCT_NAME = KeyCastr;
				PROVISIONING_PROFILE_SPECIFIER = "";
				WRAPPER_EXTENSION = app;
				ZERO_LINK = YES;
			};
			name = Debug;
		};
		C01FCF4C08A954540054247B /* Release */ = {
			isa = XCBuildConfiguration;
			buildSettings = {
				CLANG_ENABLE_OBJC_WEAK = YES;
				CODE_SIGN_ENTITLEMENTS = KeyCastr.entitlements;
				CODE_SIGN_IDENTITY = "Apple Development";
				CODE_SIGN_STYLE = Manual;
				DEBUG_INFORMATION_FORMAT = "dwarf-with-dsym";
				DEVELOPMENT_TEAM = 68TUCLNAPS;
				ENABLE_HARDENED_RUNTIME = YES;
				FRAMEWORK_SEARCH_PATHS = (
					"$(inherited)",
					"$(SRCROOT)",
					"$(PROJECT_DIR)",
				);
				GCC_MODEL_TUNING = G5;
				GCC_PRECOMPILE_PREFIX_HEADER = YES;
				GCC_PREFIX_HEADER = KeyCastr_Prefix.pch;
				INFOPLIST_FILE = Info.plist;
				INSTALL_PATH = "$(HOME)/Applications";
				LD_RUNPATH_SEARCH_PATHS = "$(inherited) @executable_path/../Frameworks";
				MARKETING_VERSION = "0.9.9-pre";
				PRODUCT_BUNDLE_IDENTIFIER = io.github.keycastr;
				PRODUCT_NAME = KeyCastr;
				PROVISIONING_PROFILE_SPECIFIER = "KeyCastr Developer ID";
				WRAPPER_EXTENSION = app;
			};
			name = Release;
		};
		C01FCF4F08A954540054247B /* Debug */ = {
			isa = XCBuildConfiguration;
			buildSettings = {
				CLANG_ANALYZER_LOCALIZABILITY_NONLOCALIZED = YES;
				CLANG_WARN_BLOCK_CAPTURE_AUTORELEASING = YES;
				CLANG_WARN_BOOL_CONVERSION = YES;
				CLANG_WARN_COMMA = YES;
				CLANG_WARN_CONSTANT_CONVERSION = YES;
				CLANG_WARN_DEPRECATED_OBJC_IMPLEMENTATIONS = YES;
				CLANG_WARN_EMPTY_BODY = YES;
				CLANG_WARN_ENUM_CONVERSION = YES;
				CLANG_WARN_INFINITE_RECURSION = YES;
				CLANG_WARN_INT_CONVERSION = YES;
				CLANG_WARN_NON_LITERAL_NULL_CONVERSION = YES;
				CLANG_WARN_OBJC_IMPLICIT_RETAIN_SELF = YES;
				CLANG_WARN_OBJC_LITERAL_CONVERSION = YES;
				CLANG_WARN_RANGE_LOOP_ANALYSIS = YES;
				CLANG_WARN_STRICT_PROTOTYPES = YES;
				CLANG_WARN_SUSPICIOUS_MOVE = YES;
				CLANG_WARN_UNREACHABLE_CODE = YES;
				CLANG_WARN__DUPLICATE_METHOD_MATCH = YES;
				ENABLE_STRICT_OBJC_MSGSEND = YES;
				ENABLE_TESTABILITY = YES;
				GCC_GENERATE_TEST_COVERAGE_FILES = NO;
				GCC_NO_COMMON_BLOCKS = YES;
				GCC_WARN_64_TO_32_BIT_CONVERSION = YES;
				GCC_WARN_ABOUT_RETURN_TYPE = YES;
				GCC_WARN_UNDECLARED_SELECTOR = YES;
				GCC_WARN_UNINITIALIZED_AUTOS = YES;
				GCC_WARN_UNUSED_FUNCTION = YES;
				GCC_WARN_UNUSED_VARIABLE = YES;
				MACOSX_DEPLOYMENT_TARGET = 10.9;
				ONLY_ACTIVE_ARCH = YES;
				SDKROOT = macosx;
			};
			name = Debug;
		};
		C01FCF5008A954540054247B /* Release */ = {
			isa = XCBuildConfiguration;
			buildSettings = {
				CLANG_ANALYZER_LOCALIZABILITY_NONLOCALIZED = YES;
				CLANG_WARN_BLOCK_CAPTURE_AUTORELEASING = YES;
				CLANG_WARN_BOOL_CONVERSION = YES;
				CLANG_WARN_COMMA = YES;
				CLANG_WARN_CONSTANT_CONVERSION = YES;
				CLANG_WARN_DEPRECATED_OBJC_IMPLEMENTATIONS = YES;
				CLANG_WARN_EMPTY_BODY = YES;
				CLANG_WARN_ENUM_CONVERSION = YES;
				CLANG_WARN_INFINITE_RECURSION = YES;
				CLANG_WARN_INT_CONVERSION = YES;
				CLANG_WARN_NON_LITERAL_NULL_CONVERSION = YES;
				CLANG_WARN_OBJC_IMPLICIT_RETAIN_SELF = YES;
				CLANG_WARN_OBJC_LITERAL_CONVERSION = YES;
				CLANG_WARN_RANGE_LOOP_ANALYSIS = YES;
				CLANG_WARN_STRICT_PROTOTYPES = YES;
				CLANG_WARN_SUSPICIOUS_MOVE = YES;
				CLANG_WARN_UNREACHABLE_CODE = YES;
				CLANG_WARN__DUPLICATE_METHOD_MATCH = YES;
				ENABLE_STRICT_OBJC_MSGSEND = YES;
				GCC_GENERATE_TEST_COVERAGE_FILES = NO;
				GCC_NO_COMMON_BLOCKS = YES;
				GCC_WARN_64_TO_32_BIT_CONVERSION = YES;
				GCC_WARN_ABOUT_RETURN_TYPE = YES;
				GCC_WARN_UNDECLARED_SELECTOR = YES;
				GCC_WARN_UNINITIALIZED_AUTOS = YES;
				GCC_WARN_UNUSED_FUNCTION = YES;
				GCC_WARN_UNUSED_VARIABLE = YES;
				MACOSX_DEPLOYMENT_TARGET = 10.9;
				SDKROOT = macosx;
			};
			name = Release;
		};
/* End XCBuildConfiguration section */

/* Begin XCConfigurationList section */
		3D16465E0F43D6E800CA65AD /* Build configuration list for PBXNativeTarget "KCDefaultVisualizer" */ = {
			isa = XCConfigurationList;
			buildConfigurations = (
				3D16465C0F43D6E800CA65AD /* Debug */,
				3D11D6170F4CEB0300BBE7F1 /* Code Coverage */,
				3D16465D0F43D6E800CA65AD /* Release */,
			);
			defaultConfigurationIsVisible = 0;
			defaultConfigurationName = Release;
		};
		3D1646BA0F43DBD800CA65AD /* Build configuration list for PBXNativeTarget "KCVisualizer" */ = {
			isa = XCConfigurationList;
			buildConfigurations = (
				3D1646B80F43DBD800CA65AD /* Debug */,
				3D11D6150F4CEB0300BBE7F1 /* Code Coverage */,
				3D1646B90F43DBD800CA65AD /* Release */,
			);
			defaultConfigurationIsVisible = 0;
			defaultConfigurationName = Release;
		};
		3D1648B00F451D4500CA65AD /* Build configuration list for PBXNativeTarget "Svelte" */ = {
			isa = XCConfigurationList;
			buildConfigurations = (
				3D1648AE0F451D4500CA65AD /* Debug */,
				3D11D6160F4CEB0300BBE7F1 /* Code Coverage */,
				3D1648AF0F451D4500CA65AD /* Release */,
			);
			defaultConfigurationIsVisible = 0;
			defaultConfigurationName = Release;
		};
		AFC172212377CFF500292155 /* Build configuration list for PBXNativeTarget "KCVisualizerTests" */ = {
			isa = XCConfigurationList;
			buildConfigurations = (
				AFC172222377CFF500292155 /* Debug */,
				AFC172232377CFF500292155 /* Code Coverage */,
				AFC172242377CFF500292155 /* Release */,
			);
			defaultConfigurationIsVisible = 0;
			defaultConfigurationName = Release;
		};
		C01FCF4A08A954540054247B /* Build configuration list for PBXNativeTarget "KeyCastr" */ = {
			isa = XCConfigurationList;
			buildConfigurations = (
				C01FCF4B08A954540054247B /* Debug */,
				3D11D6180F4CEB0300BBE7F1 /* Code Coverage */,
				C01FCF4C08A954540054247B /* Release */,
			);
			defaultConfigurationIsVisible = 0;
			defaultConfigurationName = Release;
		};
		C01FCF4E08A954540054247B /* Build configuration list for PBXProject "KeyCastr" */ = {
			isa = XCConfigurationList;
			buildConfigurations = (
				C01FCF4F08A954540054247B /* Debug */,
				3D11D6140F4CEB0300BBE7F1 /* Code Coverage */,
				C01FCF5008A954540054247B /* Release */,
			);
			defaultConfigurationIsVisible = 0;
			defaultConfigurationName = Release;
		};
/* End XCConfigurationList section */
	};
	rootObject = 29B97313FDCFA39411CA2CEA /* Project object */;
}
